
Microsoft Visual Studio Solution File, Format Version 12.00
# Visual Studio Version 17
VisualStudioVersion = 17.2.32616.157
MinimumVisualStudioVersion = 10.0.40219.1
Project("{8BC9CEB8-8B4A-11D0-8D11-00A0C91BC942}") = "prob", "prob\prob.vcxproj", "{7C646AAF-2C27-492A-9F4B-FFCD99024B9D}"
EndProject
Project("{8BC9CEB8-8B4A-11D0-8D11-00A0C91BC942}") = "prob_2", "prob_2\prob_2.vcxproj", "{EC545247-4328-4F50-AF61-CCB4E4C9C005}"
EndProject
Project("{8BC9CEB8-8B4A-11D0-8D11-00A0C91BC942}") = "prob_3", "prob_3\prob_3.vcxproj", "{577707F3-474B-4888-BCCF-FE6FAC48AC38}"
EndProject
Global
	GlobalSection(SolutionConfigurationPlatforms) = preSolution
		Debug|x64 = Debug|x64
		Debug|x86 = Debug|x86
		Release|x64 = Release|x64
		Release|x86 = Release|x86
	EndGlobalSection
	GlobalSection(ProjectConfigurationPlatforms) = postSolution
		{7C646AAF-2C27-492A-9F4B-FFCD99024B9D}.Debug|x64.ActiveCfg = Debug|x64
		{7C646AAF-2C27-492A-9F4B-FFCD99024B9D}.Debug|x64.Build.0 = Debug|x64
		{7C646AAF-2C27-492A-9F4B-FFCD99024B9D}.Debug|x86.ActiveCfg = Debug|Win32
		{7C646AAF-2C27-492A-9F4B-FFCD99024B9D}.Debug|x86.Build.0 = Debug|Win32
		{7C646AAF-2C27-492A-9F4B-FFCD99024B9D}.Release|x64.ActiveCfg = Release|x64
		{7C646AAF-2C27-492A-9F4B-FFCD99024B9D}.Release|x64.Build.0 = Release|x64
		{7C646AAF-2C27-492A-9F4B-FFCD99024B9D}.Release|x86.ActiveCfg = Release|Win32
		{7C646AAF-2C27-492A-9F4B-FFCD99024B9D}.Release|x86.Build.0 = Release|Win32
		{EC545247-4328-4F50-AF61-CCB4E4C9C005}.Debug|x64.ActiveCfg = Debug|x64
		{EC545247-4328-4F50-AF61-CCB4E4C9C005}.Debug|x64.Build.0 = Debug|x64
		{EC545247-4328-4F50-AF61-CCB4E4C9C005}.Debug|x86.ActiveCfg = Debug|Win32
		{EC545247-4328-4F50-AF61-CCB4E4C9C005}.Debug|x86.Build.0 = Debug|Win32
		{EC545247-4328-4F50-AF61-CCB4E4C9C005}.Release|x64.ActiveCfg = Release|x64
		{EC545247-4328-4F50-AF61-CCB4E4C9C005}.Release|x64.Build.0 = Release|x64
		{EC545247-4328-4F50-AF61-CCB4E4C9C005}.Release|x86.ActiveCfg = Release|Win32
		{EC545247-4328-4F50-AF61-CCB4E4C9C005}.Release|x86.Build.0 = Release|Win32
		{577707F3-474B-4888-BCCF-FE6FAC48AC38}.Debug|x64.ActiveCfg = Debug|x64
		{577707F3-474B-4888-BCCF-FE6FAC48AC38}.Debug|x64.Build.0 = Debug|x64
		{577707F3-474B-4888-BCCF-FE6FAC48AC38}.Debug|x86.ActiveCfg = Debug|Win32
		{577707F3-474B-4888-BCCF-FE6FAC48AC38}.Debug|x86.Build.0 = Debug|Win32
		{577707F3-474B-4888-BCCF-FE6FAC48AC38}.Release|x64.ActiveCfg = Release|x64
		{577707F3-474B-4888-BCCF-FE6FAC48AC38}.Release|x64.Build.0 = Release|x64
		{577707F3-474B-4888-BCCF-FE6FAC48AC38}.Release|x86.ActiveCfg = Release|Win32
		{577707F3-474B-4888-BCCF-FE6FAC48AC38}.Release|x86.Build.0 = Release|Win32
	EndGlobalSection
	GlobalSection(SolutionProperties) = preSolution
		HideSolutionNode = FALSE
	EndGlobalSection
	GlobalSection(ExtensibilityGlobals) = postSolution
		SolutionGuid = {C3E4771C-9491-4C50-922E-909B84036708}
	EndGlobalSection
EndGlobal
