
Microsoft Visual Studio Solution File, Format Version 12.00
# Visual Studio Version 17
VisualStudioVersion = 17.2.32616.157
MinimumVisualStudioVersion = 10.0.40219.1
Project("{8BC9CEB8-8B4A-11D0-8D11-00A0C91BC942}") = "prob_1", "prob_1\prob_1.vcxproj", "{C67ACF4A-7C16-4566-8205-8A91CF5C17D0}"
EndProject
Project("{8BC9CEB8-8B4A-11D0-8D11-00A0C91BC942}") = "prob_2", "prob_2\prob_2.vcxproj", "{43A1CAC8-DE36-4EC1-A42C-FEE6F9260E59}"
EndProject
Project("{8BC9CEB8-8B4A-11D0-8D11-00A0C91BC942}") = "prob_3", "prob_3\prob_3.vcxproj", "{AF413DE0-1409-456A-A61A-2EEC1A9A4044}"
EndProject
Project("{8BC9CEB8-8B4A-11D0-8D11-00A0C91BC942}") = "prob_4", "prob_4\prob_4.vcxproj", "{EB5852E5-C2C9-4176-B236-B8058E163C33}"
EndProject
Global
	GlobalSection(SolutionConfigurationPlatforms) = preSolution
		Debug|x64 = Debug|x64
		Debug|x86 = Debug|x86
		Release|x64 = Release|x64
		Release|x86 = Release|x86
	EndGlobalSection
	GlobalSection(ProjectConfigurationPlatforms) = postSolution
		{C67ACF4A-7C16-4566-8205-8A91CF5C17D0}.Debug|x64.ActiveCfg = Debug|x64
		{C67ACF4A-7C16-4566-8205-8A91CF5C17D0}.Debug|x64.Build.0 = Debug|x64
		{C67ACF4A-7C16-4566-8205-8A91CF5C17D0}.Debug|x86.ActiveCfg = Debug|Win32
		{C67ACF4A-7C16-4566-8205-8A91CF5C17D0}.Debug|x86.Build.0 = Debug|Win32
		{C67ACF4A-7C16-4566-8205-8A91CF5C17D0}.Release|x64.ActiveCfg = Release|x64
		{C67ACF4A-7C16-4566-8205-8A91CF5C17D0}.Release|x64.Build.0 = Release|x64
		{C67ACF4A-7C16-4566-8205-8A91CF5C17D0}.Release|x86.ActiveCfg = Release|Win32
		{C67ACF4A-7C16-4566-8205-8A91CF5C17D0}.Release|x86.Build.0 = Release|Win32
		{43A1CAC8-DE36-4EC1-A42C-FEE6F9260E59}.Debug|x64.ActiveCfg = Debug|x64
		{43A1CAC8-DE36-4EC1-A42C-FEE6F9260E59}.Debug|x64.Build.0 = Debug|x64
		{43A1CAC8-DE36-4EC1-A42C-FEE6F9260E59}.Debug|x86.ActiveCfg = Debug|Win32
		{43A1CAC8-DE36-4EC1-A42C-FEE6F9260E59}.Debug|x86.Build.0 = Debug|Win32
		{43A1CAC8-DE36-4EC1-A42C-FEE6F9260E59}.Release|x64.ActiveCfg = Release|x64
		{43A1CAC8-DE36-4EC1-A42C-FEE6F9260E59}.Release|x64.Build.0 = Release|x64
		{43A1CAC8-DE36-4EC1-A42C-FEE6F9260E59}.Release|x86.ActiveCfg = Release|Win32
		{43A1CAC8-DE36-4EC1-A42C-FEE6F9260E59}.Release|x86.Build.0 = Release|Win32
		{AF413DE0-1409-456A-A61A-2EEC1A9A4044}.Debug|x64.ActiveCfg = Debug|x64
		{AF413DE0-1409-456A-A61A-2EEC1A9A4044}.Debug|x64.Build.0 = Debug|x64
		{AF413DE0-1409-456A-A61A-2EEC1A9A4044}.Debug|x86.ActiveCfg = Debug|Win32
		{AF413DE0-1409-456A-A61A-2EEC1A9A4044}.Debug|x86.Build.0 = Debug|Win32
		{AF413DE0-1409-456A-A61A-2EEC1A9A4044}.Release|x64.ActiveCfg = Release|x64
		{AF413DE0-1409-456A-A61A-2EEC1A9A4044}.Release|x64.Build.0 = Release|x64
		{AF413DE0-1409-456A-A61A-2EEC1A9A4044}.Release|x86.ActiveCfg = Release|Win32
		{AF413DE0-1409-456A-A61A-2EEC1A9A4044}.Release|x86.Build.0 = Release|Win32
		{EB5852E5-C2C9-4176-B236-B8058E163C33}.Debug|x64.ActiveCfg = Debug|x64
		{EB5852E5-C2C9-4176-B236-B8058E163C33}.Debug|x64.Build.0 = Debug|x64
		{EB5852E5-C2C9-4176-B236-B8058E163C33}.Debug|x86.ActiveCfg = Debug|Win32
		{EB5852E5-C2C9-4176-B236-B8058E163C33}.Debug|x86.Build.0 = Debug|Win32
		{EB5852E5-C2C9-4176-B236-B8058E163C33}.Release|x64.ActiveCfg = Release|x64
		{EB5852E5-C2C9-4176-B236-B8058E163C33}.Release|x64.Build.0 = Release|x64
		{EB5852E5-C2C9-4176-B236-B8058E163C33}.Release|x86.ActiveCfg = Release|Win32
		{EB5852E5-C2C9-4176-B236-B8058E163C33}.Release|x86.Build.0 = Release|Win32
	EndGlobalSection
	GlobalSection(SolutionProperties) = preSolution
		HideSolutionNode = FALSE
	EndGlobalSection
	GlobalSection(ExtensibilityGlobals) = postSolution
		SolutionGuid = {0810AED2-57A1-4859-9295-91FFAFDAE783}
	EndGlobalSection
EndGlobal
